{
  "name": "jsonresume-theme-apage",
  "version": "1.0.2",
  "lockfileVersion": 2,
  "requires": true,
  "packages": {
    "": {
      "name": "jsonresume-theme-apage",
      "version": "1.0.2",
      "license": "MIT",
      "dependencies": {
        "handlebars": "^4.3.0",
        "just-handlebars-helpers": "^1.0.18"
      }
    },
    "node_modules/commander": {
      "version": "2.20.3",
      "resolved": "https://mirrors.tencent.com/npm/commander/-/commander-2.20.3.tgz",
      "integrity": "sha512-GpVkmM8vF2vQUkj2LvZmD35JxeJOLCwJ9cUkugyk2nuhbv3+mJvpLYYt+0+USMxE+oj+ey/lJEnhZw75x/OMcQ==",
      "license": "MIT",
      "optional": true
    },
    "node_modules/currencyformatter.js": {
      "version": "1.0.5",
      "resolved": "https://mirrors.tencent.com/npm/currencyformatter.js/-/currencyformatter.js-1.0.5.tgz",
      "integrity": "sha1-+MbZRdzmtn70j0dRaGEajZXJx14=",
      "license": "MIT",
      "peer": true
    },
    "node_modules/handlebars": {
      "version": "4.7.7",
      "resolved": "https://mirrors.tencent.com/npm/handlebars/-/handlebars-4.7.7.tgz",
      "integrity": "sha512-aAcXm5OAfE/8IXkcZvCepKU3VzW1/39Fb5ZuqMtgI/hT8X2YgoMvBY5dLhq/cpOvw7Lk1nK/UF71aLG/ZnVYRA==",
      "license": "MIT",
      "dependencies": {
        "minimist": "^1.2.5",
        "neo-async": "^2.6.0",
        "source-map": "^0.6.1",
        "wordwrap": "^1.0.0"
      },
      "bin": {
        "handlebars": "bin/handlebars"
      },
      "engines": {
        "node": ">=0.4.7"
      },
      "optionalDependencies": {
        "uglify-js": "^3.1.4"
      }
    },
    "node_modules/just-handlebars-helpers": {
      "version": "1.0.18",
      "resolved": "https://mirrors.tencent.com/npm/just-handlebars-helpers/-/just-handlebars-helpers-1.0.18.tgz",
      "integrity": "sha512-7L8ERT6TFeyNBCa7T9IzOdyHwYHSJJrRWuTAQi2fNFRzVjqIoqq80aFVvm/1BAtfIRR6Fqp1isI1RwZug0hTBA==",
      "license": "MIT",
      "peerDependencies": {
        "currencyformatter.js": ">= 1.0.4 < 2",
        "handlebars": ">= 3.*",
        "moment": ">= 2.22.0 < 3",
        "sprintf-js": ">= 1.1.1 < 2"
      }
    },
    "node_modules/minimist": {
      "version": "1.2.6",
      "resolved": "https://mirrors.tencent.com/npm/minimist/-/minimist-1.2.6.tgz",
      "integrity": "sha512-Jsjnk4bw3YJqYzbdyBiNsPWHPfO++UGG749Cxs6peCu5Xg4nrena6OVxOYxrQTqww0Jmwt+Ref8rggumkTLz9Q==",
      "license": "MIT"
    },
    "node_modules/moment": {
      "version": "2.29.3",
      "resolved": "https://mirrors.tencent.com/npm/moment/-/moment-2.29.3.tgz",
      "integrity": "sha512-c6YRvhEo//6T2Jz/vVtYzqBzwvPT95JBQ+smCytzf7c50oMZRsR/a4w88aD34I+/QVSfnoAnSBFPJHItlOMJVw==",
      "license": "MIT",
      "peer": true,
      "engines": {
        "node": "*"
      }
    },
    "node_modules/neo-async": {
      "version": "2.6.1",
      "resolved": "https://mirrors.tencent.com/npm/neo-async/-/neo-async-2.6.1.tgz",
      "integrity": "sha512-iyam8fBuCUpWeKPGpaNMetEocMt364qkCsfL9JuhjXX6dRnguRVOfk2GZaDpPjcOKiiXCPINZC1GczQ7iTq3Zw==",
      "license": "MIT"
    },
    "node_modules/source-map": {
      "version": "0.6.1",
      "resolved": "https://mirrors.tencent.com/npm/source-map/-/source-map-0.6.1.tgz",
      "integrity": "sha512-UjgapumWlbMhkBgzT7Ykc5YXUT46F0iKu8SGXq0bcwP5dz/h0Plj6enJqjz1Zbq2l5WaqYnrVbwWOWMyF3F47g==",
      "license": "BSD-3-Clause",
      "engines": {
        "node": ">=0.10.0"
      }
    },
    "node_modules/sprintf-js": {
      "version": "1.1.2",
      "resolved": "https://mirrors.tencent.com/npm/sprintf-js/-/sprintf-js-1.1.2.tgz",
      "integrity": "sha512-VE0SOVEHCk7Qc8ulkWw3ntAzXuqf7S2lvwQaDLRnUeIEaKNQJzV6BwmLKhOqT61aGhfUMrXeaBk+oDGCzvhcug==",
      "license": "BSD-3-Clause",
      "peer": true
    },
    "node_modules/uglify-js": {
      "version": "3.8.0",
      "resolved": "https://mirrors.tencent.com/npm/uglify-js/-/uglify-js-3.8.0.tgz",
      "integrity": "sha512-ugNSTT8ierCsDHso2jkBHXYrU8Y5/fY2ZUprfrJUiD7YpuFvV4jODLFmb3h4btQjqr5Nh4TX4XtgDfCU1WdioQ==",
      "license": "BSD-2-Clause",
      "optional": true,
      "dependencies": {
        "commander": "~2.20.3",
        "source-map": "~0.6.1"
      },
      "bin": {
        "uglifyjs": "bin/uglifyjs"
      },
      "engines": {
        "node": ">=0.8.0"
      }
    },
    "node_modules/wordwrap": {
      "version": "1.0.0",
      "resolved": "https://mirrors.tencent.com/npm/wordwrap/-/wordwrap-1.0.0.tgz",
      "integrity": "sha1-J1hIEIkUVqQXHI0CJkQa3pDLyus=",
      "license": "MIT"
    }
  },
  "dependencies": {
    "commander": {
      "version": "2.20.3",
      "resolved": "https://mirrors.tencent.com/npm/commander/-/commander-2.20.3.tgz",
      "integrity": "sha512-GpVkmM8vF2vQUkj2LvZmD35JxeJOLCwJ9cUkugyk2nuhbv3+mJvpLYYt+0+USMxE+oj+ey/lJEnhZw75x/OMcQ==",
      "optional": true
    },
    "currencyformatter.js": {
      "version": "1.0.5",
      "resolved": "https://mirrors.tencent.com/npm/currencyformatter.js/-/currencyformatter.js-1.0.5.tgz",
      "integrity": "sha1-+MbZRdzmtn70j0dRaGEajZXJx14=",
      "peer": true
    },
    "handlebars": {
      "version": "4.7.7",
      "resolved": "https://mirrors.tencent.com/npm/handlebars/-/handlebars-4.7.7.tgz",
      "integrity": "sha512-aAcXm5OAfE/8IXkcZvCepKU3VzW1/39Fb5ZuqMtgI/hT8X2YgoMvBY5dLhq/cpOvw7Lk1nK/UF71aLG/ZnVYRA==",
      "requires": {
        "minimist": "^1.2.5",
        "neo-async": "^2.6.0",
        "source-map": "^0.6.1",
        "uglify-js": "^3.1.4",
        "wordwrap": "^1.0.0"
      }
    },
    "just-handlebars-helpers": {
      "version": "1.0.18",
      "resolved": "https://mirrors.tencent.com/npm/just-handlebars-helpers/-/just-handlebars-helpers-1.0.18.tgz",
      "integrity": "sha512-7L8ERT6TFeyNBCa7T9IzOdyHwYHSJJrRWuTAQi2fNFRzVjqIoqq80aFVvm/1BAtfIRR6Fqp1isI1RwZug0hTBA==",
      "requires": {}
    },
    "minimist": {
      "version": "1.2.6",
      "resolved": "https://mirrors.tencent.com/npm/minimist/-/minimist-1.2.6.tgz",
      "integrity": "sha512-Jsjnk4bw3YJqYzbdyBiNsPWHPfO++UGG749Cxs6peCu5Xg4nrena6OVxOYxrQTqww0Jmwt+Ref8rggumkTLz9Q=="
    },
    "moment": {
      "version": "2.29.3",
      "resolved": "https://mirrors.tencent.com/npm/moment/-/moment-2.29.3.tgz",
      "integrity": "sha512-c6YRvhEo//6T2Jz/vVtYzqBzwvPT95JBQ+smCytzf7c50oMZRsR/a4w88aD34I+/QVSfnoAnSBFPJHItlOMJVw==",
      "peer": true
    },
    "neo-async": {
      "version": "2.6.1",
      "resolved": "https://mirrors.tencent.com/npm/neo-async/-/neo-async-2.6.1.tgz",
      "integrity": "sha512-iyam8fBuCUpWeKPGpaNMetEocMt364qkCsfL9JuhjXX6dRnguRVOfk2GZaDpPjcOKiiXCPINZC1GczQ7iTq3Zw=="
    },
    "source-map": {
      "version": "0.6.1",
      "resolved": "https://mirrors.tencent.com/npm/source-map/-/source-map-0.6.1.tgz",
      "integrity": "sha512-UjgapumWlbMhkBgzT7Ykc5YXUT46F0iKu8SGXq0bcwP5dz/h0Plj6enJqjz1Zbq2l5WaqYnrVbwWOWMyF3F47g=="
    },
    "sprintf-js": {
      "version": "1.1.2",
      "resolved": "https://mirrors.tencent.com/npm/sprintf-js/-/sprintf-js-1.1.2.tgz",
      "integrity": "sha512-VE0SOVEHCk7Qc8ulkWw3ntAzXuqf7S2lvwQaDLRnUeIEaKNQJzV6BwmLKhOqT61aGhfUMrXeaBk+oDGCzvhcug==",
      "peer": true
    },
    "uglify-js": {
      "version": "3.8.0",
      "resolved": "https://mirrors.tencent.com/npm/uglify-js/-/uglify-js-3.8.0.tgz",
      "integrity": "sha512-ugNSTT8ierCsDHso2jkBHXYrU8Y5/fY2ZUprfrJUiD7YpuFvV4jODLFmb3h4btQjqr5Nh4TX4XtgDfCU1WdioQ==",
      "optional": true,
      "requires": {
        "commander": "~2.20.3",
        "source-map": "~0.6.1"
      }
    },
    "wordwrap": {
      "version": "1.0.0",
      "resolved": "https://mirrors.tencent.com/npm/wordwrap/-/wordwrap-1.0.0.tgz",
      "integrity": "sha1-J1hIEIkUVqQXHI0CJkQa3pDLyus="
    }
  }
}
