# THIS IS AN AUTOGENERATED FILE. DO NOT EDIT THIS FILE DIRECTLY.
# yarn lockfile v1


"commander@~2.20.3":
  "integrity" "sha512-GpVkmM8vF2vQUkj2LvZmD35JxeJOLCwJ9cUkugyk2nuhbv3+mJvpLYYt+0+USMxE+oj+ey/lJEnhZw75x/OMcQ=="
  "resolved" "https://mirrors.tencent.com/npm/commander/-/commander-2.20.3.tgz"
  "version" "2.20.3"

"currencyformatter.js@>= 1.0.4 < 2":
  "integrity" "sha1-+MbZRdzmtn70j0dRaGEajZXJx14="
  "resolved" "https://mirrors.tencent.com/npm/currencyformatter.js/-/currencyformatter.js-1.0.5.tgz"
  "version" "1.0.5"

"handlebars@^4.3.0", "handlebars@>= 3.*":
  "integrity" "sha512-aAcXm5OAfE/8IXkcZvCepKU3VzW1/39Fb5ZuqMtgI/hT8X2YgoMvBY5dLhq/cpOvw7Lk1nK/UF71aLG/ZnVYRA=="
  "resolved" "https://mirrors.tencent.com/npm/handlebars/-/handlebars-4.7.7.tgz"
  "version" "4.7.7"
  dependencies:
    "minimist" "^1.2.5"
    "neo-async" "^2.6.0"
    "source-map" "^0.6.1"
    "wordwrap" "^1.0.0"
  optionalDependencies:
    "uglify-js" "^3.1.4"

"just-handlebars-helpers@^1.0.18":
  "integrity" "sha512-7L8ERT6TFeyNBCa7T9IzOdyHwYHSJJrRWuTAQi2fNFRzVjqIoqq80aFVvm/1BAtfIRR6Fqp1isI1RwZug0hTBA=="
  "resolved" "https://mirrors.tencent.com/npm/just-handlebars-helpers/-/just-handlebars-helpers-1.0.18.tgz"
  "version" "1.0.18"

"minimist@^1.2.5":
  "integrity" "sha512-Jsjnk4bw3YJqYzbdyBiNsPWHPfO++UGG749Cxs6peCu5Xg4nrena6OVxOYxrQTqww0Jmwt+Ref8rggumkTLz9Q=="
  "resolved" "https://mirrors.tencent.com/npm/minimist/-/minimist-1.2.6.tgz"
  "version" "1.2.6"

"moment@>= 2.22.0 < 3":
  "integrity" "sha512-c6YRvhEo//6T2Jz/vVtYzqBzwvPT95JBQ+smCytzf7c50oMZRsR/a4w88aD34I+/QVSfnoAnSBFPJHItlOMJVw=="
  "resolved" "https://mirrors.tencent.com/npm/moment/-/moment-2.29.3.tgz"
  "version" "2.29.3"

"neo-async@^2.6.0":
  "integrity" "sha512-iyam8fBuCUpWeKPGpaNMetEocMt364qkCsfL9JuhjXX6dRnguRVOfk2GZaDpPjcOKiiXCPINZC1GczQ7iTq3Zw=="
  "resolved" "https://mirrors.tencent.com/npm/neo-async/-/neo-async-2.6.1.tgz"
  "version" "2.6.1"

"source-map@^0.6.1", "source-map@~0.6.1":
  "integrity" "sha512-UjgapumWlbMhkBgzT7Ykc5YXUT46F0iKu8SGXq0bcwP5dz/h0Plj6enJqjz1Zbq2l5WaqYnrVbwWOWMyF3F47g=="
  "resolved" "https://mirrors.tencent.com/npm/source-map/-/source-map-0.6.1.tgz"
  "version" "0.6.1"

"sprintf-js@>= 1.1.1 < 2":
  "integrity" "sha512-VE0SOVEHCk7Qc8ulkWw3ntAzXuqf7S2lvwQaDLRnUeIEaKNQJzV6BwmLKhOqT61aGhfUMrXeaBk+oDGCzvhcug=="
  "resolved" "https://mirrors.tencent.com/npm/sprintf-js/-/sprintf-js-1.1.2.tgz"
  "version" "1.1.2"

"uglify-js@^3.1.4":
  "integrity" "sha512-ugNSTT8ierCsDHso2jkBHXYrU8Y5/fY2ZUprfrJUiD7YpuFvV4jODLFmb3h4btQjqr5Nh4TX4XtgDfCU1WdioQ=="
  "resolved" "https://mirrors.tencent.com/npm/uglify-js/-/uglify-js-3.8.0.tgz"
  "version" "3.8.0"
  dependencies:
    "commander" "~2.20.3"
    "source-map" "~0.6.1"

"wordwrap@^1.0.0":
  "integrity" "sha1-J1hIEIkUVqQXHI0CJkQa3pDLyus="
  "resolved" "https://mirrors.tencent.com/npm/wordwrap/-/wordwrap-1.0.0.tgz"
  "version" "1.0.0"
